// !$*UTF8*$!
{
	archiveVersion = 1;
	classes = {
	};
	objectVersion = 46;
	objects = {

/* Begin PBXBuildFile section */
		4F0DE9A41BBF13C1007DD712 /* AppDelegate.swift in Sources */ = {isa = PBXBuildFile; fileRef = 4F0DE9A31BBF13C1007DD712 /* AppDelegate.swift */; };
		4F0DE9A91BBF13C1007DD712 /* Main.storyboard in Resources */ = {isa = PBXBuildFile; fileRef = 4F0DE9A71BBF13C1007DD712 /* Main.storyboard */; };
		4F0DE9AB1BBF13C1007DD712 /* Assets.xcassets in Resources */ = {isa = PBXBuildFile; fileRef = 4F0DE9AA1BBF13C1007DD712 /* Assets.xcassets */; };
		4F0DE9AE1BBF13C1007DD712 /* LaunchScreen.storyboard in Resources */ = {isa = PBXBuildFile; fileRef = 4F0DE9AC1BBF13C1007DD712 /* LaunchScreen.storyboard */; };
		4F0DE9B91BBF13C1007DD712 /* CoreGraphics_PDPTests.swift in Sources */ = {isa = PBXBuildFile; fileRef = 4F0DE9B81BBF13C1007DD712 /* CoreGraphics_PDPTests.swift */; };
		4F0DE9C41BBF13C1007DD712 /* CoreGraphics_PDPUITests.swift in Sources */ = {isa = PBXBuildFile; fileRef = 4F0DE9C31BBF13C1007DD712 /* CoreGraphics_PDPUITests.swift */; };
		4F8579231BD293020097DDC1 /* LayerView.swift in Sources */ = {isa = PBXBuildFile; fileRef = 4F8579221BD293020097DDC1 /* LayerView.swift */; };
		4F8579261BD293360097DDC1 /* LayerViewController.swift in Sources */ = {isa = PBXBuildFile; fileRef = 4F8579251BD293360097DDC1 /* LayerViewController.swift */; };
		4F85792A1BD2C0360097DDC1 /* Blue_confetti.png in Resources */ = {isa = PBXBuildFile; fileRef = 4F8579271BD2C0360097DDC1 /* Blue_confetti.png */; };
		4F85792B1BD2C0360097DDC1 /* Green_confetti.png in Resources */ = {isa = PBXBuildFile; fileRef = 4F8579281BD2C0360097DDC1 /* Green_confetti.png */; };
		4F85792C1BD2C0360097DDC1 /* Red_confetti.png in Resources */ = {isa = PBXBuildFile; fileRef = 4F8579291BD2C0360097DDC1 /* Red_confetti.png */; };
		4F8579321BD2C6AA0097DDC1 /* Smoke.png in Resources */ = {isa = PBXBuildFile; fileRef = 4F8579311BD2C6AA0097DDC1 /* Smoke.png */; };
		4F8579341BD2C8110097DDC1 /* Blue_smoke.png in Resources */ = {isa = PBXBuildFile; fileRef = 4F8579331BD2C8110097DDC1 /* Blue_smoke.png */; };
		4F85793C1BD2CDC40097DDC1 /* Light.png in Resources */ = {isa = PBXBuildFile; fileRef = 4F85793B1BD2CDC40097DDC1 /* Light.png */; };
		4F85793E1BD2D1D20097DDC1 /* Spark.png in Resources */ = {isa = PBXBuildFile; fileRef = 4F85793D1BD2D1D20097DDC1 /* Spark.png */; };
		4F8579401BD2D3100097DDC1 /* Star.png in Resources */ = {isa = PBXBuildFile; fileRef = 4F85793F1BD2D3100097DDC1 /* Star.png */; };
		4F8579441BD2D4F20097DDC1 /* sky.png in Resources */ = {isa = PBXBuildFile; fileRef = 4F8579431BD2D4F20097DDC1 /* sky.png */; };
		4F8579471BD2E1980097DDC1 /* ShapeButtonViewController.swift in Sources */ = {isa = PBXBuildFile; fileRef = 4F8579461BD2E1970097DDC1 /* ShapeButtonViewController.swift */; };
		4F8579491BD2E1AC0097DDC1 /* ShapeButton.swift in Sources */ = {isa = PBXBuildFile; fileRef = 4F8579481BD2E1AC0097DDC1 /* ShapeButton.swift */; };
		4F85794C1BD38BE00097DDC1 /* TextViewController.swift in Sources */ = {isa = PBXBuildFile; fileRef = 4F85794B1BD38BE00097DDC1 /* TextViewController.swift */; };
		4F85794E1BD38BF00097DDC1 /* TextView.swift in Sources */ = {isa = PBXBuildFile; fileRef = 4F85794D1BD38BF00097DDC1 /* TextView.swift */; };
		4F8579511BD3A43B0097DDC1 /* MaskViewController.swift in Sources */ = {isa = PBXBuildFile; fileRef = 4F8579501BD3A43B0097DDC1 /* MaskViewController.swift */; };
		4F8579531BD3A4560097DDC1 /* UIImage+Mask.swift in Sources */ = {isa = PBXBuildFile; fileRef = 4F8579521BD3A4560097DDC1 /* UIImage+Mask.swift */; };
		4F8579551BD3A6A20097DDC1 /* StarWithBackground.png in Resources */ = {isa = PBXBuildFile; fileRef = 4F8579541BD3A6A20097DDC1 /* StarWithBackground.png */; };
		4F8579571BD3A6A80097DDC1 /* StarWithoutBackground.png in Resources */ = {isa = PBXBuildFile; fileRef = 4F8579561BD3A6A80097DDC1 /* StarWithoutBackground.png */; };
		4F8579591BD3BFCA0097DDC1 /* rsz_likelike.png in Resources */ = {isa = PBXBuildFile; fileRef = 4F8579581BD3BFCA0097DDC1 /* rsz_likelike.png */; };
		4F85795C1BD3E9630097DDC1 /* BlurViewController.swift in Sources */ = {isa = PBXBuildFile; fileRef = 4F85795B1BD3E9630097DDC1 /* BlurViewController.swift */; };
		4F85795E1BD3E9820097DDC1 /* UIImage+Blur.swift in Sources */ = {isa = PBXBuildFile; fileRef = 4F85795D1BD3E9820097DDC1 /* UIImage+Blur.swift */; };
		4F97AA691BC19DB200B9947F /* Nature-1.jpg in Resources */ = {isa = PBXBuildFile; fileRef = 4F97AA671BC19DB200B9947F /* Nature-1.jpg */; };
		4F97AA6A1BC19DB200B9947F /* Nature-2.jpg in Resources */ = {isa = PBXBuildFile; fileRef = 4F97AA681BC19DB200B9947F /* Nature-2.jpg */; };
		4F97AAF91BCFE59100B9947F /* ShapeViewController.swift in Sources */ = {isa = PBXBuildFile; fileRef = 4F97AAF81BCFE59100B9947F /* ShapeViewController.swift */; };
		4F97AAFB1BD006B000B9947F /* GradientButton.swift in Sources */ = {isa = PBXBuildFile; fileRef = 4F97AAFA1BD006B000B9947F /* GradientButton.swift */; };
		4F97AAFF1BD032C700B9947F /* ReplicatorButton.swift in Sources */ = {isa = PBXBuildFile; fileRef = 4F97AAFE1BD032C700B9947F /* ReplicatorButton.swift */; };
		4F97AB031BD03CA400B9947F /* ReplicatorViewController.swift in Sources */ = {isa = PBXBuildFile; fileRef = 4F97AB021BD03CA400B9947F /* ReplicatorViewController.swift */; };
		4F97AB061BD0478C00B9947F /* ReflectedImageView.swift in Sources */ = {isa = PBXBuildFile; fileRef = 4F97AB051BD0478C00B9947F /* ReflectedImageView.swift */; };
		4F97AB081BD04CBA00B9947F /* ReflectedImageView.xib in Resources */ = {isa = PBXBuildFile; fileRef = 4F97AB071BD04CBA00B9947F /* ReflectedImageView.xib */; };
		4F97AB0C1BD0534600B9947F /* ConfettiViewController.swift in Sources */ = {isa = PBXBuildFile; fileRef = 4F97AB0B1BD0534600B9947F /* ConfettiViewController.swift */; };
		4FB623FB1BC10E5800524AC1 /* CoreText.framework in Frameworks */ = {isa = PBXBuildFile; fileRef = 4FB623FA1BC10E5800524AC1 /* CoreText.framework */; };
		4FB623FD1BC110A700524AC1 /* CoreGraphics.framework in Frameworks */ = {isa = PBXBuildFile; fileRef = 4FB623FC1BC110A700524AC1 /* CoreGraphics.framework */; };
		4FB624011BC125B300524AC1 /* FontUtility.swift in Sources */ = {isa = PBXBuildFile; fileRef = 4FB624001BC125B300524AC1 /* FontUtility.swift */; };
		4FBAC2F11BE0158A00AED116 /* BaseTableViewController.swift in Sources */ = {isa = PBXBuildFile; fileRef = 4FBAC2F01BE0158A00AED116 /* BaseTableViewController.swift */; };
		4FBAC2F31BE01D9800AED116 /* SunEmitterViewController.swift in Sources */ = {isa = PBXBuildFile; fileRef = 4FBAC2F21BE01D9800AED116 /* SunEmitterViewController.swift */; };
		4FBAC2F51BE01F8300AED116 /* FireViewController.swift in Sources */ = {isa = PBXBuildFile; fileRef = 4FBAC2F41BE01F8300AED116 /* FireViewController.swift */; };
		4FBAC2F71BE01FB300AED116 /* SkyViewController.swift in Sources */ = {isa = PBXBuildFile; fileRef = 4FBAC2F61BE01FB300AED116 /* SkyViewController.swift */; };
/* End PBXBuildFile section */

/* Begin PBXContainerItemProxy section */
		4F0DE9B51BBF13C1007DD712 /* PBXContainerItemProxy */ = {
			isa = PBXContainerItemProxy;
			containerPortal = 4F0DE9981BBF13C1007DD712 /* Project object */;
			proxyType = 1;
			remoteGlobalIDString = 4F0DE99F1BBF13C1007DD712;
			remoteInfo = CoreGraphics_PDP;
		};
		4F0DE9C01BBF13C1007DD712 /* PBXContainerItemProxy */ = {
			isa = PBXContainerItemProxy;
			containerPortal = 4F0DE9981BBF13C1007DD712 /* Project object */;
			proxyType = 1;
			remoteGlobalIDString = 4F0DE99F1BBF13C1007DD712;
			remoteInfo = CoreGraphics_PDP;
		};
/* End PBXContainerItemProxy section */

/* Begin PBXFileReference section */
		4F0DE9A01BBF13C1007DD712 /* CoreGraphics_PDP.app */ = {isa = PBXFileReference; explicitFileType = wrapper.application; includeInIndex = 0; path = CoreGraphics_PDP.app; sourceTree = BUILT_PRODUCTS_DIR; };
		4F0DE9A31BBF13C1007DD712 /* AppDelegate.swift */ = {isa = PBXFileReference; lastKnownFileType = sourcecode.swift; path = AppDelegate.swift; sourceTree = "<group>"; };
		4F0DE9A81BBF13C1007DD712 /* Base */ = {isa = PBXFileReference; lastKnownFileType = file.storyboard; name = Base; path = Base.lproj/Main.storyboard; sourceTree = "<group>"; };
		4F0DE9AA1BBF13C1007DD712 /* Assets.xcassets */ = {isa = PBXFileReference; lastKnownFileType = folder.assetcatalog; path = Assets.xcassets; sourceTree = "<group>"; };
		4F0DE9AD1BBF13C1007DD712 /* Base */ = {isa = PBXFileReference; lastKnownFileType = file.storyboard; name = Base; path = Base.lproj/LaunchScreen.storyboard; sourceTree = "<group>"; };
		4F0DE9AF1BBF13C1007DD712 /* Info.plist */ = {isa = PBXFileReference; lastKnownFileType = text.plist.xml; path = Info.plist; sourceTree = "<group>"; };
		4F0DE9B41BBF13C1007DD712 /* CoreGraphics_PDPTests.xctest */ = {isa = PBXFileReference; explicitFileType = wrapper.cfbundle; includeInIndex = 0; path = CoreGraphics_PDPTests.xctest; sourceTree = BUILT_PRODUCTS_DIR; };
		4F0DE9B81BBF13C1007DD712 /* CoreGraphics_PDPTests.swift */ = {isa = PBXFileReference; lastKnownFileType = sourcecode.swift; path = CoreGraphics_PDPTests.swift; sourceTree = "<group>"; };
		4F0DE9BA1BBF13C1007DD712 /* Info.plist */ = {isa = PBXFileReference; lastKnownFileType = text.plist.xml; path = Info.plist; sourceTree = "<group>"; };
		4F0DE9BF1BBF13C1007DD712 /* CoreGraphics_PDPUITests.xctest */ = {isa = PBXFileReference; explicitFileType = wrapper.cfbundle; includeInIndex = 0; path = CoreGraphics_PDPUITests.xctest; sourceTree = BUILT_PRODUCTS_DIR; };
		4F0DE9C31BBF13C1007DD712 /* CoreGraphics_PDPUITests.swift */ = {isa = PBXFileReference; lastKnownFileType = sourcecode.swift; path = CoreGraphics_PDPUITests.swift; sourceTree = "<group>"; };
		4F0DE9C51BBF13C1007DD712 /* Info.plist */ = {isa = PBXFileReference; lastKnownFileType = text.plist.xml; path = Info.plist; sourceTree = "<group>"; };
		4F8579221BD293020097DDC1 /* LayerView.swift */ = {isa = PBXFileReference; fileEncoding = 4; lastKnownFileType = sourcecode.swift; path = LayerView.swift; sourceTree = "<group>"; };
		4F8579251BD293360097DDC1 /* LayerViewController.swift */ = {isa = PBXFileReference; fileEncoding = 4; lastKnownFileType = sourcecode.swift; path = LayerViewController.swift; sourceTree = "<group>"; };
		4F8579271BD2C0360097DDC1 /* Blue_confetti.png */ = {isa = PBXFileReference; lastKnownFileType = image.png; path = Blue_confetti.png; sourceTree = "<group>"; };
		4F8579281BD2C0360097DDC1 /* Green_confetti.png */ = {isa = PBXFileReference; lastKnownFileType = image.png; path = Green_confetti.png; sourceTree = "<group>"; };
		4F8579291BD2C0360097DDC1 /* Red_confetti.png */ = {isa = PBXFileReference; lastKnownFileType = image.png; path = Red_confetti.png; sourceTree = "<group>"; };
		4F8579311BD2C6AA0097DDC1 /* Smoke.png */ = {isa = PBXFileReference; lastKnownFileType = image.png; path = Smoke.png; sourceTree = "<group>"; };
		4F8579331BD2C8110097DDC1 /* Blue_smoke.png */ = {isa = PBXFileReference; lastKnownFileType = image.png; path = Blue_smoke.png; sourceTree = "<group>"; };
		4F85793B1BD2CDC40097DDC1 /* Light.png */ = {isa = PBXFileReference; lastKnownFileType = image.png; path = Light.png; sourceTree = "<group>"; };
		4F85793D1BD2D1D20097DDC1 /* Spark.png */ = {isa = PBXFileReference; lastKnownFileType = image.png; path = Spark.png; sourceTree = "<group>"; };
		4F85793F1BD2D3100097DDC1 /* Star.png */ = {isa = PBXFileReference; lastKnownFileType = image.png; path = Star.png; sourceTree = "<group>"; };
		4F8579431BD2D4F20097DDC1 /* sky.png */ = {isa = PBXFileReference; lastKnownFileType = image.png; path = sky.png; sourceTree = "<group>"; };
		4F8579461BD2E1970097DDC1 /* ShapeButtonViewController.swift */ = {isa = PBXFileReference; fileEncoding = 4; lastKnownFileType = sourcecode.swift; path = ShapeButtonViewController.swift; sourceTree = "<group>"; };
		4F8579481BD2E1AC0097DDC1 /* ShapeButton.swift */ = {isa = PBXFileReference; fileEncoding = 4; lastKnownFileType = sourcecode.swift; path = ShapeButton.swift; sourceTree = "<group>"; };
		4F85794B1BD38BE00097DDC1 /* TextViewController.swift */ = {isa = PBXFileReference; fileEncoding = 4; lastKnownFileType = sourcecode.swift; path = TextViewController.swift; sourceTree = "<group>"; };
		4F85794D1BD38BF00097DDC1 /* TextView.swift */ = {isa = PBXFileReference; fileEncoding = 4; lastKnownFileType = sourcecode.swift; path = TextView.swift; sourceTree = "<group>"; };
		4F8579501BD3A43B0097DDC1 /* MaskViewController.swift */ = {isa = PBXFileReference; fileEncoding = 4; lastKnownFileType = sourcecode.swift; path = MaskViewController.swift; sourceTree = "<group>"; };
		4F8579521BD3A4560097DDC1 /* UIImage+Mask.swift */ = {isa = PBXFileReference; fileEncoding = 4; lastKnownFileType = sourcecode.swift; path = "UIImage+Mask.swift"; sourceTree = "<group>"; };
		4F8579541BD3A6A20097DDC1 /* StarWithBackground.png */ = {isa = PBXFileReference; lastKnownFileType = image.png; path = StarWithBackground.png; sourceTree = "<group>"; };
		4F8579561BD3A6A80097DDC1 /* StarWithoutBackground.png */ = {isa = PBXFileReference; lastKnownFileType = image.png; path = StarWithoutBackground.png; sourceTree = "<group>"; };
		4F8579581BD3BFCA0097DDC1 /* rsz_likelike.png */ = {isa = PBXFileReference; lastKnownFileType = image.png; path = rsz_likelike.png; sourceTree = "<group>"; };
		4F85795B1BD3E9630097DDC1 /* BlurViewController.swift */ = {isa = PBXFileReference; fileEncoding = 4; lastKnownFileType = sourcecode.swift; path = BlurViewController.swift; sourceTree = "<group>"; };
		4F85795D1BD3E9820097DDC1 /* UIImage+Blur.swift */ = {isa = PBXFileReference; fileEncoding = 4; lastKnownFileType = sourcecode.swift; path = "UIImage+Blur.swift"; sourceTree = "<group>"; };
		4F97AA671BC19DB200B9947F /* Nature-1.jpg */ = {isa = PBXFileReference; lastKnownFileType = image.jpeg; path = "Nature-1.jpg"; sourceTree = "<group>"; };
		4F97AA681BC19DB200B9947F /* Nature-2.jpg */ = {isa = PBXFileReference; lastKnownFileType = image.jpeg; path = "Nature-2.jpg"; sourceTree = "<group>"; };
		4F97AAF81BCFE59100B9947F /* ShapeViewController.swift */ = {isa = PBXFileReference; fileEncoding = 4; lastKnownFileType = sourcecode.swift; path = ShapeViewController.swift; sourceTree = "<group>"; };
		4F97AAFA1BD006B000B9947F /* GradientButton.swift */ = {isa = PBXFileReference; fileEncoding = 4; lastKnownFileType = sourcecode.swift; path = GradientButton.swift; sourceTree = "<group>"; };
		4F97AAFE1BD032C700B9947F /* ReplicatorButton.swift */ = {isa = PBXFileReference; fileEncoding = 4; lastKnownFileType = sourcecode.swift; path = ReplicatorButton.swift; sourceTree = "<group>"; };
		4F97AB021BD03CA400B9947F /* ReplicatorViewController.swift */ = {isa = PBXFileReference; fileEncoding = 4; lastKnownFileType = sourcecode.swift; path = ReplicatorViewController.swift; sourceTree = "<group>"; };
		4F97AB051BD0478C00B9947F /* ReflectedImageView.swift */ = {isa = PBXFileReference; fileEncoding = 4; lastKnownFileType = sourcecode.swift; path = ReflectedImageView.swift; sourceTree = "<group>"; };
		4F97AB071BD04CBA00B9947F /* ReflectedImageView.xib */ = {isa = PBXFileReference; fileEncoding = 4; lastKnownFileType = file.xib; path = ReflectedImageView.xib; sourceTree = "<group>"; };
		4F97AB0B1BD0534600B9947F /* ConfettiViewController.swift */ = {isa = PBXFileReference; fileEncoding = 4; lastKnownFileType = sourcecode.swift; path = ConfettiViewController.swift; sourceTree = "<group>"; };
		4FB623F61BC10D2B00524AC1 /* CoreGraphics_PDP-Bridging-Header.h */ = {isa = PBXFileReference; lastKnownFileType = sourcecode.c.h; path = "CoreGraphics_PDP-Bridging-Header.h"; sourceTree = "<group>"; };
		4FB623FA1BC10E5800524AC1 /* CoreText.framework */ = {isa = PBXFileReference; lastKnownFileType = wrapper.framework; name = CoreText.framework; path = System/Library/Frameworks/CoreText.framework; sourceTree = SDKROOT; };
		4FB623FC1BC110A700524AC1 /* CoreGraphics.framework */ = {isa = PBXFileReference; lastKnownFileType = wrapper.framework; name = CoreGraphics.framework; path = System/Library/Frameworks/CoreGraphics.framework; sourceTree = SDKROOT; };
		4FB624001BC125B300524AC1 /* FontUtility.swift */ = {isa = PBXFileReference; fileEncoding = 4; lastKnownFileType = sourcecode.swift; path = FontUtility.swift; sourceTree = "<group>"; };
		4FBAC2F01BE0158A00AED116 /* BaseTableViewController.swift */ = {isa = PBXFileReference; fileEncoding = 4; lastKnownFileType = sourcecode.swift; path = BaseTableViewController.swift; sourceTree = "<group>"; };
		4FBAC2F21BE01D9800AED116 /* SunEmitterViewController.swift */ = {isa = PBXFileReference; fileEncoding = 4; lastKnownFileType = sourcecode.swift; path = SunEmitterViewController.swift; sourceTree = "<group>"; };
		4FBAC2F41BE01F8300AED116 /* FireViewController.swift */ = {isa = PBXFileReference; fileEncoding = 4; lastKnownFileType = sourcecode.swift; path = FireViewController.swift; sourceTree = "<group>"; };
		4FBAC2F61BE01FB300AED116 /* SkyViewController.swift */ = {isa = PBXFileReference; fileEncoding = 4; lastKnownFileType = sourcecode.swift; path = SkyViewController.swift; sourceTree = "<group>"; };
/* End PBXFileReference section */

/* Begin PBXFrameworksBuildPhase section */
		4F0DE99D1BBF13C1007DD712 /* Frameworks */ = {
			isa = PBXFrameworksBuildPhase;
			buildActionMask = 2147483647;
			files = (
				4FB623FD1BC110A700524AC1 /* CoreGraphics.framework in Frameworks */,
				4FB623FB1BC10E5800524AC1 /* CoreText.framework in Frameworks */,
			);
			runOnlyForDeploymentPostprocessing = 0;
		};
		4F0DE9B11BBF13C1007DD712 /* Frameworks */ = {
			isa = PBXFrameworksBuildPhase;
			buildActionMask = 2147483647;
			files = (
			);
			runOnlyForDeploymentPostprocessing = 0;
		};
		4F0DE9BC1BBF13C1007DD712 /* Frameworks */ = {
			isa = PBXFrameworksBuildPhase;
			buildActionMask = 2147483647;
			files = (
			);
			runOnlyForDeploymentPostprocessing = 0;
		};
/* End PBXFrameworksBuildPhase section */

/* Begin PBXGroup section */
		4F0DE9971BBF13C1007DD712 = {
			isa = PBXGroup;
			children = (
				4F97AA671BC19DB200B9947F /* Nature-1.jpg */,
				4F97AA681BC19DB200B9947F /* Nature-2.jpg */,
				4FB623FC1BC110A700524AC1 /* CoreGraphics.framework */,
				4FB623FA1BC10E5800524AC1 /* CoreText.framework */,
				4F0DE9A21BBF13C1007DD712 /* CoreGraphics_PDP */,
				4F0DE9B71BBF13C1007DD712 /* CoreGraphics_PDPTests */,
				4F0DE9C21BBF13C1007DD712 /* CoreGraphics_PDPUITests */,
				4F0DE9A11BBF13C1007DD712 /* Products */,
			);
			sourceTree = "<group>";
		};
		4F0DE9A11BBF13C1007DD712 /* Products */ = {
			isa = PBXGroup;
			children = (
				4F0DE9A01BBF13C1007DD712 /* CoreGraphics_PDP.app */,
				4F0DE9B41BBF13C1007DD712 /* CoreGraphics_PDPTests.xctest */,
				4F0DE9BF1BBF13C1007DD712 /* CoreGraphics_PDPUITests.xctest */,
			);
			name = Products;
			sourceTree = "<group>";
		};
		4F0DE9A21BBF13C1007DD712 /* CoreGraphics_PDP */ = {
			isa = PBXGroup;
			children = (
				4F97AB001BD03C6E00B9947F /* Example 1 */,
				4F97AB011BD03C8400B9947F /* Example 2 */,
				4F97AB041BD046E100B9947F /* Example 3 */,
				4F8579241BD293120097DDC1 /* Example 4 */,
				4F8579451BD2E1790097DDC1 /* Example 5 */,
				4F85794A1BD38BC40097DDC1 /* Example 6 */,
				4F85794F1BD3A1F00097DDC1 /* Example 7 */,
				4F85795A1BD3E9490097DDC1 /* Example 8 */,
				4F0DE9A31BBF13C1007DD712 /* AppDelegate.swift */,
				4F0DE9A71BBF13C1007DD712 /* Main.storyboard */,
				4F0DE9AA1BBF13C1007DD712 /* Assets.xcassets */,
				4F0DE9AC1BBF13C1007DD712 /* LaunchScreen.storyboard */,
				4F0DE9AF1BBF13C1007DD712 /* Info.plist */,
				4FB623F61BC10D2B00524AC1 /* CoreGraphics_PDP-Bridging-Header.h */,
				4FB624001BC125B300524AC1 /* FontUtility.swift */,
				4FBAC2F01BE0158A00AED116 /* BaseTableViewController.swift */,
			);
			path = CoreGraphics_PDP;
			sourceTree = "<group>";
		};
		4F0DE9B71BBF13C1007DD712 /* CoreGraphics_PDPTests */ = {
			isa = PBXGroup;
			children = (
				4F0DE9B81BBF13C1007DD712 /* CoreGraphics_PDPTests.swift */,
				4F0DE9BA1BBF13C1007DD712 /* Info.plist */,
			);
			path = CoreGraphics_PDPTests;
			sourceTree = "<group>";
		};
		4F0DE9C21BBF13C1007DD712 /* CoreGraphics_PDPUITests */ = {
			isa = PBXGroup;
			children = (
				4F0DE9C31BBF13C1007DD712 /* CoreGraphics_PDPUITests.swift */,
				4F0DE9C51BBF13C1007DD712 /* Info.plist */,
			);
			path = CoreGraphics_PDPUITests;
			sourceTree = "<group>";
		};
		4F8579241BD293120097DDC1 /* Example 4 */ = {
			isa = PBXGroup;
			children = (
				4F8579221BD293020097DDC1 /* LayerView.swift */,
				4F8579251BD293360097DDC1 /* LayerViewController.swift */,
			);
			name = "Example 4";
			sourceTree = "<group>";
		};
		4F8579451BD2E1790097DDC1 /* Example 5 */ = {
			isa = PBXGroup;
			children = (
				4F8579461BD2E1970097DDC1 /* ShapeButtonViewController.swift */,
				4F8579481BD2E1AC0097DDC1 /* ShapeButton.swift */,
			);
			name = "Example 5";
			sourceTree = "<group>";
		};
		4F85794A1BD38BC40097DDC1 /* Example 6 */ = {
			isa = PBXGroup;
			children = (
				4F85794B1BD38BE00097DDC1 /* TextViewController.swift */,
				4F85794D1BD38BF00097DDC1 /* TextView.swift */,
			);
			name = "Example 6";
			sourceTree = "<group>";
		};
		4F85794F1BD3A1F00097DDC1 /* Example 7 */ = {
			isa = PBXGroup;
			children = (
				4F8579581BD3BFCA0097DDC1 /* rsz_likelike.png */,
				4F8579561BD3A6A80097DDC1 /* StarWithoutBackground.png */,
				4F8579541BD3A6A20097DDC1 /* StarWithBackground.png */,
				4F8579501BD3A43B0097DDC1 /* MaskViewController.swift */,
				4F8579521BD3A4560097DDC1 /* UIImage+Mask.swift */,
			);
			name = "Example 7";
			sourceTree = "<group>";
		};
		4F85795A1BD3E9490097DDC1 /* Example 8 */ = {
			isa = PBXGroup;
			children = (
				4F85795B1BD3E9630097DDC1 /* BlurViewController.swift */,
				4F85795D1BD3E9820097DDC1 /* UIImage+Blur.swift */,
			);
			name = "Example 8";
			sourceTree = "<group>";
		};
		4F97AB001BD03C6E00B9947F /* Example 1 */ = {
			isa = PBXGroup;
			children = (
				4F97AAF81BCFE59100B9947F /* ShapeViewController.swift */,
				4F97AAFA1BD006B000B9947F /* GradientButton.swift */,
			);
			name = "Example 1";
			sourceTree = "<group>";
		};
		4F97AB011BD03C8400B9947F /* Example 2 */ = {
			isa = PBXGroup;
			children = (
				4F97AAFE1BD032C700B9947F /* ReplicatorButton.swift */,
				4F97AB021BD03CA400B9947F /* ReplicatorViewController.swift */,
				4F97AB051BD0478C00B9947F /* ReflectedImageView.swift */,
				4F97AB071BD04CBA00B9947F /* ReflectedImageView.xib */,
			);
			name = "Example 2";
			sourceTree = "<group>";
		};
		4F97AB041BD046E100B9947F /* Example 3 */ = {
			isa = PBXGroup;
			children = (
				4F8579431BD2D4F20097DDC1 /* sky.png */,
				4F85793F1BD2D3100097DDC1 /* Star.png */,
				4F85793D1BD2D1D20097DDC1 /* Spark.png */,
				4F85793B1BD2CDC40097DDC1 /* Light.png */,
				4F8579331BD2C8110097DDC1 /* Blue_smoke.png */,
				4F8579311BD2C6AA0097DDC1 /* Smoke.png */,
				4F8579271BD2C0360097DDC1 /* Blue_confetti.png */,
				4F8579281BD2C0360097DDC1 /* Green_confetti.png */,
				4F8579291BD2C0360097DDC1 /* Red_confetti.png */,
				4F97AB0B1BD0534600B9947F /* ConfettiViewController.swift */,
				4FBAC2F21BE01D9800AED116 /* SunEmitterViewController.swift */,
				4FBAC2F41BE01F8300AED116 /* FireViewController.swift */,
				4FBAC2F61BE01FB300AED116 /* SkyViewController.swift */,
			);
			name = "Example 3";
			sourceTree = "<group>";
		};
/* End PBXGroup section */

/* Begin PBXNativeTarget section */
		4F0DE99F1BBF13C1007DD712 /* CoreGraphics_PDP */ = {
			isa = PBXNativeTarget;
			buildConfigurationList = 4F0DE9C81BBF13C1007DD712 /* Build configuration list for PBXNativeTarget "CoreGraphics_PDP" */;
			buildPhases = (
				4F0DE99C1BBF13C1007DD712 /* Sources */,
				4F0DE99D1BBF13C1007DD712 /* Frameworks */,
				4F0DE99E1BBF13C1007DD712 /* Resources */,
			);
			buildRules = (
			);
			dependencies = (
			);
			name = CoreGraphics_PDP;
			productName = CoreGraphics_PDP;
			productReference = 4F0DE9A01BBF13C1007DD712 /* CoreGraphics_PDP.app */;
			productType = "com.apple.product-type.application";
		};
		4F0DE9B31BBF13C1007DD712 /* CoreGraphics_PDPTests */ = {
			isa = PBXNativeTarget;
			buildConfigurationList = 4F0DE9CB1BBF13C1007DD712 /* Build configuration list for PBXNativeTarget "CoreGraphics_PDPTests" */;
			buildPhases = (
				4F0DE9B01BBF13C1007DD712 /* Sources */,
				4F0DE9B11BBF13C1007DD712 /* Frameworks */,
				4F0DE9B21BBF13C1007DD712 /* Resources */,
			);
			buildRules = (
			);
			dependencies = (
				4F0DE9B61BBF13C1007DD712 /* PBXTargetDependency */,
			);
			name = CoreGraphics_PDPTests;
			productName = CoreGraphics_PDPTests;
			productReference = 4F0DE9B41BBF13C1007DD712 /* CoreGraphics_PDPTests.xctest */;
			productType = "com.apple.product-type.bundle.unit-test";
		};
		4F0DE9BE1BBF13C1007DD712 /* CoreGraphics_PDPUITests */ = {
			isa = PBXNativeTarget;
			buildConfigurationList = 4F0DE9CE1BBF13C1007DD712 /* Build configuration list for PBXNativeTarget "CoreGraphics_PDPUITests" */;
			buildPhases = (
				4F0DE9BB1BBF13C1007DD712 /* Sources */,
				4F0DE9BC1BBF13C1007DD712 /* Frameworks */,
				4F0DE9BD1BBF13C1007DD712 /* Resources */,
			);
			buildRules = (
			);
			dependencies = (
				4F0DE9C11BBF13C1007DD712 /* PBXTargetDependency */,
			);
			name = CoreGraphics_PDPUITests;
			productName = CoreGraphics_PDPUITests;
			productReference = 4F0DE9BF1BBF13C1007DD712 /* CoreGraphics_PDPUITests.xctest */;
			productType = "com.apple.product-type.bundle.ui-testing";
		};
/* End PBXNativeTarget section */

/* Begin PBXProject section */
		4F0DE9981BBF13C1007DD712 /* Project object */ = {
			isa = PBXProject;
			attributes = {
				LastSwiftUpdateCheck = 0700;
				LastUpgradeCheck = 0700;
				ORGANIZATIONNAME = FlatStack;
				TargetAttributes = {
					4F0DE99F1BBF13C1007DD712 = {
						CreatedOnToolsVersion = 7.0.1;
					};
					4F0DE9B31BBF13C1007DD712 = {
						CreatedOnToolsVersion = 7.0.1;
						TestTargetID = 4F0DE99F1BBF13C1007DD712;
					};
					4F0DE9BE1BBF13C1007DD712 = {
						CreatedOnToolsVersion = 7.0.1;
						TestTargetID = 4F0DE99F1BBF13C1007DD712;
					};
				};
			};
			buildConfigurationList = 4F0DE99B1BBF13C1007DD712 /* Build configuration list for PBXProject "CoreGraphics_PDP" */;
			compatibilityVersion = "Xcode 3.2";
			developmentRegion = English;
			hasScannedForEncodings = 0;
			knownRegions = (
				en,
				Base,
			);
			mainGroup = 4F0DE9971BBF13C1007DD712;
			productRefGroup = 4F0DE9A11BBF13C1007DD712 /* Products */;
			projectDirPath = "";
			projectRoot = "";
			targets = (
				4F0DE99F1BBF13C1007DD712 /* CoreGraphics_PDP */,
				4F0DE9B31BBF13C1007DD712 /* CoreGraphics_PDPTests */,
				4F0DE9BE1BBF13C1007DD712 /* CoreGraphics_PDPUITests */,
			);
		};
/* End PBXProject section */

/* Begin PBXResourcesBuildPhase section */
		4F0DE99E1BBF13C1007DD712 /* Resources */ = {
			isa = PBXResourcesBuildPhase;
			buildActionMask = 2147483647;
			files = (
				4F97AB081BD04CBA00B9947F /* ReflectedImageView.xib in Resources */,
				4F85792C1BD2C0360097DDC1 /* Red_confetti.png in Resources */,
				4F85793E1BD2D1D20097DDC1 /* Spark.png in Resources */,
				4F8579571BD3A6A80097DDC1 /* StarWithoutBackground.png in Resources */,
				4F85792B1BD2C0360097DDC1 /* Green_confetti.png in Resources */,
				4F8579401BD2D3100097DDC1 /* Star.png in Resources */,
				4F97AA691BC19DB200B9947F /* Nature-1.jpg in Resources */,
				4F85792A1BD2C0360097DDC1 /* Blue_confetti.png in Resources */,
				4F8579341BD2C8110097DDC1 /* Blue_smoke.png in Resources */,
				4F8579591BD3BFCA0097DDC1 /* rsz_likelike.png in Resources */,
				4F0DE9AE1BBF13C1007DD712 /* LaunchScreen.storyboard in Resources */,
				4F0DE9AB1BBF13C1007DD712 /* Assets.xcassets in Resources */,
				4F85793C1BD2CDC40097DDC1 /* Light.png in Resources */,
				4F8579551BD3A6A20097DDC1 /* StarWithBackground.png in Resources */,
				4F97AA6A1BC19DB200B9947F /* Nature-2.jpg in Resources */,
				4F8579441BD2D4F20097DDC1 /* sky.png in Resources */,
				4F0DE9A91BBF13C1007DD712 /* Main.storyboard in Resources */,
				4F8579321BD2C6AA0097DDC1 /* Smoke.png in Resources */,
			);
			runOnlyForDeploymentPostprocessing = 0;
		};
		4F0DE9B21BBF13C1007DD712 /* Resources */ = {
			isa = PBXResourcesBuildPhase;
			buildActionMask = 2147483647;
			files = (
			);
			runOnlyForDeploymentPostprocessing = 0;
		};
		4F0DE9BD1BBF13C1007DD712 /* Resources */ = {
			isa = PBXResourcesBuildPhase;
			buildActionMask = 2147483647;
			files = (
			);
			runOnlyForDeploymentPostprocessing = 0;
		};
/* End PBXResourcesBuildPhase section */

/* Begin PBXSourcesBuildPhase section */
		4F0DE99C1BBF13C1007DD712 /* Sources */ = {
			isa = PBXSourcesBuildPhase;
			buildActionMask = 2147483647;
			files = (
				4FBAC2F31BE01D9800AED116 /* SunEmitterViewController.swift in Sources */,
				4F8579261BD293360097DDC1 /* LayerViewController.swift in Sources */,
				4F8579491BD2E1AC0097DDC1 /* ShapeButton.swift in Sources */,
				4F97AAFF1BD032C700B9947F /* ReplicatorButton.swift in Sources */,
				4FB624011BC125B300524AC1 /* FontUtility.swift in Sources */,
				4F97AAFB1BD006B000B9947F /* GradientButton.swift in Sources */,
				4F97AB0C1BD0534600B9947F /* ConfettiViewController.swift in Sources */,
				4F97AB031BD03CA400B9947F /* ReplicatorViewController.swift in Sources */,
				4F85794E1BD38BF00097DDC1 /* TextView.swift in Sources */,
				4F0DE9A41BBF13C1007DD712 /* AppDelegate.swift in Sources */,
				4F97AAF91BCFE59100B9947F /* ShapeViewController.swift in Sources */,
				4F8579511BD3A43B0097DDC1 /* MaskViewController.swift in Sources */,
				4F8579471BD2E1980097DDC1 /* ShapeButtonViewController.swift in Sources */,
				4F97AB061BD0478C00B9947F /* ReflectedImageView.swift in Sources */,
				4FBAC2F11BE0158A00AED116 /* BaseTableViewController.swift in Sources */,
				4F8579231BD293020097DDC1 /* LayerView.swift in Sources */,
				4F85794C1BD38BE00097DDC1 /* TextViewController.swift in Sources */,
				4F85795C1BD3E9630097DDC1 /* BlurViewController.swift in Sources */,
				4FBAC2F51BE01F8300AED116 /* FireViewController.swift in Sources */,
				4FBAC2F71BE01FB300AED116 /* SkyViewController.swift in Sources */,
				4F8579531BD3A4560097DDC1 /* UIImage+Mask.swift in Sources */,
				4F85795E1BD3E9820097DDC1 /* UIImage+Blur.swift in Sources */,
			);
			runOnlyForDeploymentPostprocessing = 0;
		};
		4F0DE9B01BBF13C1007DD712 /* Sources */ = {
			isa = PBXSourcesBuildPhase;
			buildActionMask = 2147483647;
			files = (
				4F0DE9B91BBF13C1007DD712 /* CoreGraphics_PDPTests.swift in Sources */,
			);
			runOnlyForDeploymentPostprocessing = 0;
		};
		4F0DE9BB1BBF13C1007DD712 /* Sources */ = {
			isa = PBXSourcesBuildPhase;
			buildActionMask = 2147483647;
			files = (
				4F0DE9C41BBF13C1007DD712 /* CoreGraphics_PDPUITests.swift in Sources */,
			);
			runOnlyForDeploymentPostprocessing = 0;
		};
/* End PBXSourcesBuildPhase section */

/* Begin PBXTargetDependency section */
		4F0DE9B61BBF13C1007DD712 /* PBXTargetDependency */ = {
			isa = PBXTargetDependency;
			target = 4F0DE99F1BBF13C1007DD712 /* CoreGraphics_PDP */;
			targetProxy = 4F0DE9B51BBF13C1007DD712 /* PBXContainerItemProxy */;
		};
		4F0DE9C11BBF13C1007DD712 /* PBXTargetDependency */ = {
			isa = PBXTargetDependency;
			target = 4F0DE99F1BBF13C1007DD712 /* CoreGraphics_PDP */;
			targetProxy = 4F0DE9C01BBF13C1007DD712 /* PBXContainerItemProxy */;
		};
/* End PBXTargetDependency section */

/* Begin PBXVariantGroup section */
		4F0DE9A71BBF13C1007DD712 /* Main.storyboard */ = {
			isa = PBXVariantGroup;
			children = (
				4F0DE9A81BBF13C1007DD712 /* Base */,
			);
			name = Main.storyboard;
			sourceTree = "<group>";
		};
		4F0DE9AC1BBF13C1007DD712 /* LaunchScreen.storyboard */ = {
			isa = PBXVariantGroup;
			children = (
				4F0DE9AD1BBF13C1007DD712 /* Base */,
			);
			name = LaunchScreen.storyboard;
			sourceTree = "<group>";
		};
/* End PBXVariantGroup section */

/* Begin XCBuildConfiguration section */
		4F0DE9C61BBF13C1007DD712 /* Debug */ = {
			isa = XCBuildConfiguration;
			buildSettings = {
				ALWAYS_SEARCH_USER_PATHS = NO;
				CLANG_CXX_LANGUAGE_STANDARD = "gnu++0x";
				CLANG_CXX_LIBRARY = "libc++";
				CLANG_ENABLE_MODULES = YES;
				CLANG_ENABLE_OBJC_ARC = YES;
				CLANG_WARN_BOOL_CONVERSION = YES;
				CLANG_WARN_CONSTANT_CONVERSION = YES;
				CLANG_WARN_DIRECT_OBJC_ISA_USAGE = YES_ERROR;
				CLANG_WARN_EMPTY_BODY = YES;
				CLANG_WARN_ENUM_CONVERSION = YES;
				CLANG_WARN_INT_CONVERSION = YES;
				CLANG_WARN_OBJC_ROOT_CLASS = YES_ERROR;
				CLANG_WARN_UNREACHABLE_CODE = YES;
				CLANG_WARN__DUPLICATE_METHOD_MATCH = YES;
				CODE_SIGN_IDENTITY = "";
				"CODE_SIGN_IDENTITY[sdk=iphoneos*]" = "";
				COPY_PHASE_STRIP = NO;
				DEBUG_INFORMATION_FORMAT = dwarf;
				ENABLE_STRICT_OBJC_MSGSEND = YES;
				ENABLE_TESTABILITY = YES;
				GCC_C_LANGUAGE_STANDARD = gnu99;
				GCC_DYNAMIC_NO_PIC = NO;
				GCC_NO_COMMON_BLOCKS = YES;
				GCC_OPTIMIZATION_LEVEL = 0;
				GCC_PREPROCESSOR_DEFINITIONS = (
					"DEBUG=1",
					"$(inherited)",
				);
				GCC_WARN_64_TO_32_BIT_CONVERSION = YES;
				GCC_WARN_ABOUT_RETURN_TYPE = YES_ERROR;
				GCC_WARN_UNDECLARED_SELECTOR = YES;
				GCC_WARN_UNINITIALIZED_AUTOS = YES_AGGRESSIVE;
				GCC_WARN_UNUSED_FUNCTION = YES;
				GCC_WARN_UNUSED_VARIABLE = YES;
				IPHONEOS_DEPLOYMENT_TARGET = 7.1;
				MTL_ENABLE_DEBUG_INFO = YES;
				ONLY_ACTIVE_ARCH = YES;
				SDKROOT = iphoneos;
				SWIFT_OPTIMIZATION_LEVEL = "-Onone";
			};
			name = Debug;
		};
		4F0DE9C71BBF13C1007DD712 /* Release */ = {
			isa = XCBuildConfiguration;
			buildSettings = {
				ALWAYS_SEARCH_USER_PATHS = NO;
				CLANG_CXX_LANGUAGE_STANDARD = "gnu++0x";
				CLANG_CXX_LIBRARY = "libc++";
				CLANG_ENABLE_MODULES = YES;
				CLANG_ENABLE_OBJC_ARC = YES;
				CLANG_WARN_BOOL_CONVERSION = YES;
				CLANG_WARN_CONSTANT_CONVERSION = YES;
				CLANG_WARN_DIRECT_OBJC_ISA_USAGE = YES_ERROR;
				CLANG_WARN_EMPTY_BODY = YES;
				CLANG_WARN_ENUM_CONVERSION = YES;
				CLANG_WARN_INT_CONVERSION = YES;
				CLANG_WARN_OBJC_ROOT_CLASS = YES_ERROR;
				CLANG_WARN_UNREACHABLE_CODE = YES;
				CLANG_WARN__DUPLICATE_METHOD_MATCH = YES;
				CODE_SIGN_IDENTITY = "";
				"CODE_SIGN_IDENTITY[sdk=iphoneos*]" = "";
				COPY_PHASE_STRIP = NO;
				DEBUG_INFORMATION_FORMAT = "dwarf-with-dsym";
				ENABLE_NS_ASSERTIONS = NO;
				ENABLE_STRICT_OBJC_MSGSEND = YES;
				GCC_C_LANGUAGE_STANDARD = gnu99;
				GCC_NO_COMMON_BLOCKS = YES;
				GCC_WARN_64_TO_32_BIT_CONVERSION = YES;
				GCC_WARN_ABOUT_RETURN_TYPE = YES_ERROR;
				GCC_WARN_UNDECLARED_SELECTOR = YES;
				GCC_WARN_UNINITIALIZED_AUTOS = YES_AGGRESSIVE;
				GCC_WARN_UNUSED_FUNCTION = YES;
				GCC_WARN_UNUSED_VARIABLE = YES;
				IPHONEOS_DEPLOYMENT_TARGET = 7.1;
				MTL_ENABLE_DEBUG_INFO = NO;
				SDKROOT = iphoneos;
				VALIDATE_PRODUCT = YES;
			};
			name = Release;
		};
		4F0DE9C91BBF13C1007DD712 /* Debug */ = {
			isa = XCBuildConfiguration;
			buildSettings = {
				ASSETCATALOG_COMPILER_APPICON_NAME = AppIcon;
				CLANG_ENABLE_MODULES = YES;
				CODE_SIGN_IDENTITY = "";
				INFOPLIST_FILE = CoreGraphics_PDP/Info.plist;
				IPHONEOS_DEPLOYMENT_TARGET = 9.0;
				LD_RUNPATH_SEARCH_PATHS = "$(inherited) @executable_path/Frameworks";
				PRODUCT_BUNDLE_IDENTIFIER = "flatstack.CoreGraphics-PDP";
				PRODUCT_NAME = "$(TARGET_NAME)";
				SWIFT_OBJC_BRIDGING_HEADER = "CoreGraphics_PDP/CoreGraphics_PDP-Bridging-Header.h";
				SWIFT_OPTIMIZATION_LEVEL = "-Onone";
			};
			name = Debug;
		};
		4F0DE9CA1BBF13C1007DD712 /* Release */ = {
			isa = XCBuildConfiguration;
			buildSettings = {
				ASSETCATALOG_COMPILER_APPICON_NAME = AppIcon;
				CLANG_ENABLE_MODULES = YES;
				CODE_SIGN_IDENTITY = "";
				INFOPLIST_FILE = CoreGraphics_PDP/Info.plist;
				IPHONEOS_DEPLOYMENT_TARGET = 9.0;
				LD_RUNPATH_SEARCH_PATHS = "$(inherited) @executable_path/Frameworks";
				PRODUCT_BUNDLE_IDENTIFIER = "flatstack.CoreGraphics-PDP";
				PRODUCT_NAME = "$(TARGET_NAME)";
				SWIFT_OBJC_BRIDGING_HEADER = "CoreGraphics_PDP/CoreGraphics_PDP-Bridging-Header.h";
			};
			name = Release;
		};
		4F0DE9CC1BBF13C1007DD712 /* Debug */ = {
			isa = XCBuildConfiguration;
			buildSettings = {
				BUNDLE_LOADER = "$(TEST_HOST)";
				INFOPLIST_FILE = CoreGraphics_PDPTests/Info.plist;
				LD_RUNPATH_SEARCH_PATHS = "$(inherited) @executable_path/Frameworks @loader_path/Frameworks";
				PRODUCT_BUNDLE_IDENTIFIER = "flatstack.CoreGraphics-PDPTests";
				PRODUCT_NAME = "$(TARGET_NAME)";
				TEST_HOST = "$(BUILT_PRODUCTS_DIR)/CoreGraphics_PDP.app/CoreGraphics_PDP";
			};
			name = Debug;
		};
		4F0DE9CD1BBF13C1007DD712 /* Release */ = {
			isa = XCBuildConfiguration;
			buildSettings = {
				BUNDLE_LOADER = "$(TEST_HOST)";
				INFOPLIST_FILE = CoreGraphics_PDPTests/Info.plist;
				LD_RUNPATH_SEARCH_PATHS = "$(inherited) @executable_path/Frameworks @loader_path/Frameworks";
				PRODUCT_BUNDLE_IDENTIFIER = "flatstack.CoreGraphics-PDPTests";
				PRODUCT_NAME = "$(TARGET_NAME)";
				TEST_HOST = "$(BUILT_PRODUCTS_DIR)/CoreGraphics_PDP.app/CoreGraphics_PDP";
			};
			name = Release;
		};
		4F0DE9CF1BBF13C1007DD712 /* Debug */ = {
			isa = XCBuildConfiguration;
			buildSettings = {
				INFOPLIST_FILE = CoreGraphics_PDPUITests/Info.plist;
				LD_RUNPATH_SEARCH_PATHS = "$(inherited) @executable_path/Frameworks @loader_path/Frameworks";
				PRODUCT_BUNDLE_IDENTIFIER = "flatstack.CoreGraphics-PDPUITests";
				PRODUCT_NAME = "$(TARGET_NAME)";
				TEST_TARGET_NAME = CoreGraphics_PDP;
				USES_XCTRUNNER = YES;
			};
			name = Debug;
		};
		4F0DE9D01BBF13C1007DD712 /* Release */ = {
			isa = XCBuildConfiguration;
			buildSettings = {
				INFOPLIST_FILE = CoreGraphics_PDPUITests/Info.plist;
				LD_RUNPATH_SEARCH_PATHS = "$(inherited) @executable_path/Frameworks @loader_path/Frameworks";
				PRODUCT_BUNDLE_IDENTIFIER = "flatstack.CoreGraphics-PDPUITests";
				PRODUCT_NAME = "$(TARGET_NAME)";
				TEST_TARGET_NAME = CoreGraphics_PDP;
				USES_XCTRUNNER = YES;
			};
			name = Release;
		};
/* End XCBuildConfiguration section */

/* Begin XCConfigurationList section */
		4F0DE99B1BBF13C1007DD712 /* Build configuration list for PBXProject "CoreGraphics_PDP" */ = {
			isa = XCConfigurationList;
			buildConfigurations = (
				4F0DE9C61BBF13C1007DD712 /* Debug */,
				4F0DE9C71BBF13C1007DD712 /* Release */,
			);
			defaultConfigurationIsVisible = 0;
			defaultConfigurationName = Release;
		};
		4F0DE9C81BBF13C1007DD712 /* Build configuration list for PBXNativeTarget "CoreGraphics_PDP" */ = {
			isa = XCConfigurationList;
			buildConfigurations = (
				4F0DE9C91BBF13C1007DD712 /* Debug */,
				4F0DE9CA1BBF13C1007DD712 /* Release */,
			);
			defaultConfigurationIsVisible = 0;
			defaultConfigurationName = Release;
		};
		4F0DE9CB1BBF13C1007DD712 /* Build configuration list for PBXNativeTarget "CoreGraphics_PDPTests" */ = {
			isa = XCConfigurationList;
			buildConfigurations = (
				4F0DE9CC1BBF13C1007DD712 /* Debug */,
				4F0DE9CD1BBF13C1007DD712 /* Release */,
			);
			defaultConfigurationIsVisible = 0;
			defaultConfigurationName = Release;
		};
		4F0DE9CE1BBF13C1007DD712 /* Build configuration list for PBXNativeTarget "CoreGraphics_PDPUITests" */ = {
			isa = XCConfigurationList;
			buildConfigurations = (
				4F0DE9CF1BBF13C1007DD712 /* Debug */,
				4F0DE9D01BBF13C1007DD712 /* Release */,
			);
			defaultConfigurationIsVisible = 0;
			defaultConfigurationName = Release;
		};
/* End XCConfigurationList section */
	};
	rootObject = 4F0DE9981BBF13C1007DD712 /* Project object */;
}
