// !$*UTF8*$!
{
	archiveVersion = 1;
	classes = {
	};
	objectVersion = 46;
	objects = {

/* Begin PBXBuildFile section */
		4F0DE9A41BBF13C1007DD712 /* AppDelegate.swift in Sources */ = {isa = PBXBuildFile; fileRef = 4F0DE9A31BBF13C1007DD712 /* AppDelegate.swift */; };
		4F0DE9A61BBF13C1007DD712 /* ViewController.swift in Sources */ = {isa = PBXBuildFile; fileRef = 4F0DE9A51BBF13C1007DD712 /* ViewController.swift */; };
		4F0DE9A91BBF13C1007DD712 /* Main.storyboard in Resources */ = {isa = PBXBuildFile; fileRef = 4F0DE9A71BBF13C1007DD712 /* Main.storyboard */; };
		4F0DE9AB1BBF13C1007DD712 /* Assets.xcassets in Resources */ = {isa = PBXBuildFile; fileRef = 4F0DE9AA1BBF13C1007DD712 /* Assets.xcassets */; };
		4F0DE9AE1BBF13C1007DD712 /* LaunchScreen.storyboard in Resources */ = {isa = PBXBuildFile; fileRef = 4F0DE9AC1BBF13C1007DD712 /* LaunchScreen.storyboard */; };
		4F0DE9B91BBF13C1007DD712 /* CoreGraphics_PDPTests.swift in Sources */ = {isa = PBXBuildFile; fileRef = 4F0DE9B81BBF13C1007DD712 /* CoreGraphics_PDPTests.swift */; };
		4F0DE9C41BBF13C1007DD712 /* CoreGraphics_PDPUITests.swift in Sources */ = {isa = PBXBuildFile; fileRef = 4F0DE9C31BBF13C1007DD712 /* CoreGraphics_PDPUITests.swift */; };
/* End PBXBuildFile section */

/* Begin PBXContainerItemProxy section */
		4F0DE9B51BBF13C1007DD712 /* PBXContainerItemProxy */ = {
			isa = PBXContainerItemProxy;
			containerPortal = 4F0DE9981BBF13C1007DD712 /* Project object */;
			proxyType = 1;
			remoteGlobalIDString = 4F0DE99F1BBF13C1007DD712;
			remoteInfo = CoreGraphics_PDP;
		};
		4F0DE9C01BBF13C1007DD712 /* PBXContainerItemProxy */ = {
			isa = PBXContainerItemProxy;
			containerPortal = 4F0DE9981BBF13C1007DD712 /* Project object */;
			proxyType = 1;
			remoteGlobalIDString = 4F0DE99F1BBF13C1007DD712;
			remoteInfo = CoreGraphics_PDP;
		};
/* End PBXContainerItemProxy section */

/* Begin PBXFileReference section */
		4F0DE9A01BBF13C1007DD712 /* CoreGraphics_PDP.app */ = {isa = PBXFileReference; explicitFileType = wrapper.application; includeInIndex = 0; path = CoreGraphics_PDP.app; sourceTree = BUILT_PRODUCTS_DIR; };
		4F0DE9A31BBF13C1007DD712 /* AppDelegate.swift */ = {isa = PBXFileReference; lastKnownFileType = sourcecode.swift; path = AppDelegate.swift; sourceTree = "<group>"; };
		4F0DE9A51BBF13C1007DD712 /* ViewController.swift */ = {isa = PBXFileReference; lastKnownFileType = sourcecode.swift; path = ViewController.swift; sourceTree = "<group>"; };
		4F0DE9A81BBF13C1007DD712 /* Base */ = {isa = PBXFileReference; lastKnownFileType = file.storyboard; name = Base; path = Base.lproj/Main.storyboard; sourceTree = "<group>"; };
		4F0DE9AA1BBF13C1007DD712 /* Assets.xcassets */ = {isa = PBXFileReference; lastKnownFileType = folder.assetcatalog; path = Assets.xcassets; sourceTree = "<group>"; };
		4F0DE9AD1BBF13C1007DD712 /* Base */ = {isa = PBXFileReference; lastKnownFileType = file.storyboard; name = Base; path = Base.lproj/LaunchScreen.storyboard; sourceTree = "<group>"; };
		4F0DE9AF1BBF13C1007DD712 /* Info.plist */ = {isa = PBXFileReference; lastKnownFileType = text.plist.xml; path = Info.plist; sourceTree = "<group>"; };
		4F0DE9B41BBF13C1007DD712 /* CoreGraphics_PDPTests.xctest */ = {isa = PBXFileReference; explicitFileType = wrapper.cfbundle; includeInIndex = 0; path = CoreGraphics_PDPTests.xctest; sourceTree = BUILT_PRODUCTS_DIR; };
		4F0DE9B81BBF13C1007DD712 /* CoreGraphics_PDPTests.swift */ = {isa = PBXFileReference; lastKnownFileType = sourcecode.swift; path = CoreGraphics_PDPTests.swift; sourceTree = "<group>"; };
		4F0DE9BA1BBF13C1007DD712 /* Info.plist */ = {isa = PBXFileReference; lastKnownFileType = text.plist.xml; path = Info.plist; sourceTree = "<group>"; };
		4F0DE9BF1BBF13C1007DD712 /* CoreGraphics_PDPUITests.xctest */ = {isa = PBXFileReference; explicitFileType = wrapper.cfbundle; includeInIndex = 0; path = CoreGraphics_PDPUITests.xctest; sourceTree = BUILT_PRODUCTS_DIR; };
		4F0DE9C31BBF13C1007DD712 /* CoreGraphics_PDPUITests.swift */ = {isa = PBXFileReference; lastKnownFileType = sourcecode.swift; path = CoreGraphics_PDPUITests.swift; sourceTree = "<group>"; };
		4F0DE9C51BBF13C1007DD712 /* Info.plist */ = {isa = PBXFileReference; lastKnownFileType = text.plist.xml; path = Info.plist; sourceTree = "<group>"; };
/* End PBXFileReference section */

/* Begin PBXFrameworksBuildPhase section */
		4F0DE99D1BBF13C1007DD712 /* Frameworks */ = {
			isa = PBXFrameworksBuildPhase;
			buildActionMask = 2147483647;
			files = (
			);
			runOnlyForDeploymentPostprocessing = 0;
		};
		4F0DE9B11BBF13C1007DD712 /* Frameworks */ = {
			isa = PBXFrameworksBuildPhase;
			buildActionMask = 2147483647;
			files = (
			);
			runOnlyForDeploymentPostprocessing = 0;
		};
		4F0DE9BC1BBF13C1007DD712 /* Frameworks */ = {
			isa = PBXFrameworksBuildPhase;
			buildActionMask = 2147483647;
			files = (
			);
			runOnlyForDeploymentPostprocessing = 0;
		};
/* End PBXFrameworksBuildPhase section */

/* Begin PBXGroup section */
		4F0DE9971BBF13C1007DD712 = {
			isa = PBXGroup;
			children = (
				4F0DE9A21BBF13C1007DD712 /* CoreGraphics_PDP */,
				4F0DE9B71BBF13C1007DD712 /* CoreGraphics_PDPTests */,
				4F0DE9C21BBF13C1007DD712 /* CoreGraphics_PDPUITests */,
				4F0DE9A11BBF13C1007DD712 /* Products */,
			);
			sourceTree = "<group>";
		};
		4F0DE9A11BBF13C1007DD712 /* Products */ = {
			isa = PBXGroup;
			children = (
				4F0DE9A01BBF13C1007DD712 /* CoreGraphics_PDP.app */,
				4F0DE9B41BBF13C1007DD712 /* CoreGraphics_PDPTests.xctest */,
				4F0DE9BF1BBF13C1007DD712 /* CoreGraphics_PDPUITests.xctest */,
			);
			name = Products;
			sourceTree = "<group>";
		};
		4F0DE9A21BBF13C1007DD712 /* CoreGraphics_PDP */ = {
			isa = PBXGroup;
			children = (
				4F0DE9A31BBF13C1007DD712 /* AppDelegate.swift */,
				4F0DE9A51BBF13C1007DD712 /* ViewController.swift */,
				4F0DE9A71BBF13C1007DD712 /* Main.storyboard */,
				4F0DE9AA1BBF13C1007DD712 /* Assets.xcassets */,
				4F0DE9AC1BBF13C1007DD712 /* LaunchScreen.storyboard */,
				4F0DE9AF1BBF13C1007DD712 /* Info.plist */,
			);
			path = CoreGraphics_PDP;
			sourceTree = "<group>";
		};
		4F0DE9B71BBF13C1007DD712 /* CoreGraphics_PDPTests */ = {
			isa = PBXGroup;
			children = (
				4F0DE9B81BBF13C1007DD712 /* CoreGraphics_PDPTests.swift */,
				4F0DE9BA1BBF13C1007DD712 /* Info.plist */,
			);
			path = CoreGraphics_PDPTests;
			sourceTree = "<group>";
		};
		4F0DE9C21BBF13C1007DD712 /* CoreGraphics_PDPUITests */ = {
			isa = PBXGroup;
			children = (
				4F0DE9C31BBF13C1007DD712 /* CoreGraphics_PDPUITests.swift */,
				4F0DE9C51BBF13C1007DD712 /* Info.plist */,
			);
			path = CoreGraphics_PDPUITests;
			sourceTree = "<group>";
		};
/* End PBXGroup section */

/* Begin PBXNativeTarget section */
		4F0DE99F1BBF13C1007DD712 /* CoreGraphics_PDP */ = {
			isa = PBXNativeTarget;
			buildConfigurationList = 4F0DE9C81BBF13C1007DD712 /* Build configuration list for PBXNativeTarget "CoreGraphics_PDP" */;
			buildPhases = (
				4F0DE99C1BBF13C1007DD712 /* Sources */,
				4F0DE99D1BBF13C1007DD712 /* Frameworks */,
				4F0DE99E1BBF13C1007DD712 /* Resources */,
			);
			buildRules = (
			);
			dependencies = (
			);
			name = CoreGraphics_PDP;
			productName = CoreGraphics_PDP;
			productReference = 4F0DE9A01BBF13C1007DD712 /* CoreGraphics_PDP.app */;
			productType = "com.apple.product-type.application";
		};
		4F0DE9B31BBF13C1007DD712 /* CoreGraphics_PDPTests */ = {
			isa = PBXNativeTarget;
			buildConfigurationList = 4F0DE9CB1BBF13C1007DD712 /* Build configuration list for PBXNativeTarget "CoreGraphics_PDPTests" */;
			buildPhases = (
				4F0DE9B01BBF13C1007DD712 /* Sources */,
				4F0DE9B11BBF13C1007DD712 /* Frameworks */,
				4F0DE9B21BBF13C1007DD712 /* Resources */,
			);
			buildRules = (
			);
			dependencies = (
				4F0DE9B61BBF13C1007DD712 /* PBXTargetDependency */,
			);
			name = CoreGraphics_PDPTests;
			productName = CoreGraphics_PDPTests;
			productReference = 4F0DE9B41BBF13C1007DD712 /* CoreGraphics_PDPTests.xctest */;
			productType = "com.apple.product-type.bundle.unit-test";
		};
		4F0DE9BE1BBF13C1007DD712 /* CoreGraphics_PDPUITests */ = {
			isa = PBXNativeTarget;
			buildConfigurationList = 4F0DE9CE1BBF13C1007DD712 /* Build configuration list for PBXNativeTarget "CoreGraphics_PDPUITests" */;
			buildPhases = (
				4F0DE9BB1BBF13C1007DD712 /* Sources */,
				4F0DE9BC1BBF13C1007DD712 /* Frameworks */,
				4F0DE9BD1BBF13C1007DD712 /* Resources */,
			);
			buildRules = (
			);
			dependencies = (
				4F0DE9C11BBF13C1007DD712 /* PBXTargetDependency */,
			);
			name = CoreGraphics_PDPUITests;
			productName = CoreGraphics_PDPUITests;
			productReference = 4F0DE9BF1BBF13C1007DD712 /* CoreGraphics_PDPUITests.xctest */;
			productType = "com.apple.product-type.bundle.ui-testing";
		};
/* End PBXNativeTarget section */

/* Begin PBXProject section */
		4F0DE9981BBF13C1007DD712 /* Project object */ = {
			isa = PBXProject;
			attributes = {
				LastUpgradeCheck = 0700;
				ORGANIZATIONNAME = FlatStack;
				TargetAttributes = {
					4F0DE99F1BBF13C1007DD712 = {
						CreatedOnToolsVersion = 7.0.1;
					};
					4F0DE9B31BBF13C1007DD712 = {
						CreatedOnToolsVersion = 7.0.1;
						TestTargetID = 4F0DE99F1BBF13C1007DD712;
					};
					4F0DE9BE1BBF13C1007DD712 = {
						CreatedOnToolsVersion = 7.0.1;
						TestTargetID = 4F0DE99F1BBF13C1007DD712;
					};
				};
			};
			buildConfigurationList = 4F0DE99B1BBF13C1007DD712 /* Build configuration list for PBXProject "CoreGraphics_PDP" */;
			compatibilityVersion = "Xcode 3.2";
			developmentRegion = English;
			hasScannedForEncodings = 0;
			knownRegions = (
				en,
				Base,
			);
			mainGroup = 4F0DE9971BBF13C1007DD712;
			productRefGroup = 4F0DE9A11BBF13C1007DD712 /* Products */;
			projectDirPath = "";
			projectRoot = "";
			targets = (
				4F0DE99F1BBF13C1007DD712 /* CoreGraphics_PDP */,
				4F0DE9B31BBF13C1007DD712 /* CoreGraphics_PDPTests */,
				4F0DE9BE1BBF13C1007DD712 /* CoreGraphics_PDPUITests */,
			);
		};
/* End PBXProject section */

/* Begin PBXResourcesBuildPhase section */
		4F0DE99E1BBF13C1007DD712 /* Resources */ = {
			isa = PBXResourcesBuildPhase;
			buildActionMask = 2147483647;
			files = (
				4F0DE9AE1BBF13C1007DD712 /* LaunchScreen.storyboard in Resources */,
				4F0DE9AB1BBF13C1007DD712 /* Assets.xcassets in Resources */,
				4F0DE9A91BBF13C1007DD712 /* Main.storyboard in Resources */,
			);
			runOnlyForDeploymentPostprocessing = 0;
		};
		4F0DE9B21BBF13C1007DD712 /* Resources */ = {
			isa = PBXResourcesBuildPhase;
			buildActionMask = 2147483647;
			files = (
			);
			runOnlyForDeploymentPostprocessing = 0;
		};
		4F0DE9BD1BBF13C1007DD712 /* Resources */ = {
			isa = PBXResourcesBuildPhase;
			buildActionMask = 2147483647;
			files = (
			);
			runOnlyForDeploymentPostprocessing = 0;
		};
/* End PBXResourcesBuildPhase section */

/* Begin PBXSourcesBuildPhase section */
		4F0DE99C1BBF13C1007DD712 /* Sources */ = {
			isa = PBXSourcesBuildPhase;
			buildActionMask = 2147483647;
			files = (
				4F0DE9A61BBF13C1007DD712 /* ViewController.swift in Sources */,
				4F0DE9A41BBF13C1007DD712 /* AppDelegate.swift in Sources */,
			);
			runOnlyForDeploymentPostprocessing = 0;
		};
		4F0DE9B01BBF13C1007DD712 /* Sources */ = {
			isa = PBXSourcesBuildPhase;
			buildActionMask = 2147483647;
			files = (
				4F0DE9B91BBF13C1007DD712 /* CoreGraphics_PDPTests.swift in Sources */,
			);
			runOnlyForDeploymentPostprocessing = 0;
		};
		4F0DE9BB1BBF13C1007DD712 /* Sources */ = {
			isa = PBXSourcesBuildPhase;
			buildActionMask = 2147483647;
			files = (
				4F0DE9C41BBF13C1007DD712 /* CoreGraphics_PDPUITests.swift in Sources */,
			);
			runOnlyForDeploymentPostprocessing = 0;
		};
/* End PBXSourcesBuildPhase section */

/* Begin PBXTargetDependency section */
		4F0DE9B61BBF13C1007DD712 /* PBXTargetDependency */ = {
			isa = PBXTargetDependency;
			target = 4F0DE99F1BBF13C1007DD712 /* CoreGraphics_PDP */;
			targetProxy = 4F0DE9B51BBF13C1007DD712 /* PBXContainerItemProxy */;
		};
		4F0DE9C11BBF13C1007DD712 /* PBXTargetDependency */ = {
			isa = PBXTargetDependency;
			target = 4F0DE99F1BBF13C1007DD712 /* CoreGraphics_PDP */;
			targetProxy = 4F0DE9C01BBF13C1007DD712 /* PBXContainerItemProxy */;
		};
/* End PBXTargetDependency section */

/* Begin PBXVariantGroup section */
		4F0DE9A71BBF13C1007DD712 /* Main.storyboard */ = {
			isa = PBXVariantGroup;
			children = (
				4F0DE9A81BBF13C1007DD712 /* Base */,
			);
			name = Main.storyboard;
			sourceTree = "<group>";
		};
		4F0DE9AC1BBF13C1007DD712 /* LaunchScreen.storyboard */ = {
			isa = PBXVariantGroup;
			children = (
				4F0DE9AD1BBF13C1007DD712 /* Base */,
			);
			name = LaunchScreen.storyboard;
			sourceTree = "<group>";
		};
/* End PBXVariantGroup section */

/* Begin XCBuildConfiguration section */
		4F0DE9C61BBF13C1007DD712 /* Debug */ = {
			isa = XCBuildConfiguration;
			buildSettings = {
				ALWAYS_SEARCH_USER_PATHS = NO;
				CLANG_CXX_LANGUAGE_STANDARD = "gnu++0x";
				CLANG_CXX_LIBRARY = "libc++";
				CLANG_ENABLE_MODULES = YES;
				CLANG_ENABLE_OBJC_ARC = YES;
				CLANG_WARN_BOOL_CONVERSION = YES;
				CLANG_WARN_CONSTANT_CONVERSION = YES;
				CLANG_WARN_DIRECT_OBJC_ISA_USAGE = YES_ERROR;
				CLANG_WARN_EMPTY_BODY = YES;
				CLANG_WARN_ENUM_CONVERSION = YES;
				CLANG_WARN_INT_CONVERSION = YES;
				CLANG_WARN_OBJC_ROOT_CLASS = YES_ERROR;
				CLANG_WARN_UNREACHABLE_CODE = YES;
				CLANG_WARN__DUPLICATE_METHOD_MATCH = YES;
				"CODE_SIGN_IDENTITY[sdk=iphoneos*]" = "iPhone Developer";
				COPY_PHASE_STRIP = NO;
				DEBUG_INFORMATION_FORMAT = dwarf;
				ENABLE_STRICT_OBJC_MSGSEND = YES;
				ENABLE_TESTABILITY = YES;
				GCC_C_LANGUAGE_STANDARD = gnu99;
				GCC_DYNAMIC_NO_PIC = NO;
				GCC_NO_COMMON_BLOCKS = YES;
				GCC_OPTIMIZATION_LEVEL = 0;
				GCC_PREPROCESSOR_DEFINITIONS = (
					"DEBUG=1",
					"$(inherited)",
				);
				GCC_WARN_64_TO_32_BIT_CONVERSION = YES;
				GCC_WARN_ABOUT_RETURN_TYPE = YES_ERROR;
				GCC_WARN_UNDECLARED_SELECTOR = YES;
				GCC_WARN_UNINITIALIZED_AUTOS = YES_AGGRESSIVE;
				GCC_WARN_UNUSED_FUNCTION = YES;
				GCC_WARN_UNUSED_VARIABLE = YES;
				IPHONEOS_DEPLOYMENT_TARGET = 9.0;
				MTL_ENABLE_DEBUG_INFO = YES;
				ONLY_ACTIVE_ARCH = YES;
				SDKROOT = iphoneos;
				SWIFT_OPTIMIZATION_LEVEL = "-Onone";
			};
			name = Debug;
		};
		4F0DE9C71BBF13C1007DD712 /* Release */ = {
			isa = XCBuildConfiguration;
			buildSettings = {
				ALWAYS_SEARCH_USER_PATHS = NO;
				CLANG_CXX_LANGUAGE_STANDARD = "gnu++0x";
				CLANG_CXX_LIBRARY = "libc++";
				CLANG_ENABLE_MODULES = YES;
				CLANG_ENABLE_OBJC_ARC = YES;
				CLANG_WARN_BOOL_CONVERSION = YES;
				CLANG_WARN_CONSTANT_CONVERSION = YES;
				CLANG_WARN_DIRECT_OBJC_ISA_USAGE = YES_ERROR;
				CLANG_WARN_EMPTY_BODY = YES;
				CLANG_WARN_ENUM_CONVERSION = YES;
				CLANG_WARN_INT_CONVERSION = YES;
				CLANG_WARN_OBJC_ROOT_CLASS = YES_ERROR;
				CLANG_WARN_UNREACHABLE_CODE = YES;
				CLANG_WARN__DUPLICATE_METHOD_MATCH = YES;
				"CODE_SIGN_IDENTITY[sdk=iphoneos*]" = "iPhone Developer";
				COPY_PHASE_STRIP = NO;
				DEBUG_INFORMATION_FORMAT = "dwarf-with-dsym";
				ENABLE_NS_ASSERTIONS = NO;
				ENABLE_STRICT_OBJC_MSGSEND = YES;
				GCC_C_LANGUAGE_STANDARD = gnu99;
				GCC_NO_COMMON_BLOCKS = YES;
				GCC_WARN_64_TO_32_BIT_CONVERSION = YES;
				GCC_WARN_ABOUT_RETURN_TYPE = YES_ERROR;
				GCC_WARN_UNDECLARED_SELECTOR = YES;
				GCC_WARN_UNINITIALIZED_AUTOS = YES_AGGRESSIVE;
				GCC_WARN_UNUSED_FUNCTION = YES;
				GCC_WARN_UNUSED_VARIABLE = YES;
				IPHONEOS_DEPLOYMENT_TARGET = 9.0;
				MTL_ENABLE_DEBUG_INFO = NO;
				SDKROOT = iphoneos;
				VALIDATE_PRODUCT = YES;
			};
			name = Release;
		};
		4F0DE9C91BBF13C1007DD712 /* Debug */ = {
			isa = XCBuildConfiguration;
			buildSettings = {
				ASSETCATALOG_COMPILER_APPICON_NAME = AppIcon;
				INFOPLIST_FILE = CoreGraphics_PDP/Info.plist;
				LD_RUNPATH_SEARCH_PATHS = "$(inherited) @executable_path/Frameworks";
				PRODUCT_BUNDLE_IDENTIFIER = "flatstack.CoreGraphics-PDP";
				PRODUCT_NAME = "$(TARGET_NAME)";
			};
			name = Debug;
		};
		4F0DE9CA1BBF13C1007DD712 /* Release */ = {
			isa = XCBuildConfiguration;
			buildSettings = {
				ASSETCATALOG_COMPILER_APPICON_NAME = AppIcon;
				INFOPLIST_FILE = CoreGraphics_PDP/Info.plist;
				LD_RUNPATH_SEARCH_PATHS = "$(inherited) @executable_path/Frameworks";
				PRODUCT_BUNDLE_IDENTIFIER = "flatstack.CoreGraphics-PDP";
				PRODUCT_NAME = "$(TARGET_NAME)";
			};
			name = Release;
		};
		4F0DE9CC1BBF13C1007DD712 /* Debug */ = {
			isa = XCBuildConfiguration;
			buildSettings = {
				BUNDLE_LOADER = "$(TEST_HOST)";
				INFOPLIST_FILE = CoreGraphics_PDPTests/Info.plist;
				LD_RUNPATH_SEARCH_PATHS = "$(inherited) @executable_path/Frameworks @loader_path/Frameworks";
				PRODUCT_BUNDLE_IDENTIFIER = "flatstack.CoreGraphics-PDPTests";
				PRODUCT_NAME = "$(TARGET_NAME)";
				TEST_HOST = "$(BUILT_PRODUCTS_DIR)/CoreGraphics_PDP.app/CoreGraphics_PDP";
			};
			name = Debug;
		};
		4F0DE9CD1BBF13C1007DD712 /* Release */ = {
			isa = XCBuildConfiguration;
			buildSettings = {
				BUNDLE_LOADER = "$(TEST_HOST)";
				INFOPLIST_FILE = CoreGraphics_PDPTests/Info.plist;
				LD_RUNPATH_SEARCH_PATHS = "$(inherited) @executable_path/Frameworks @loader_path/Frameworks";
				PRODUCT_BUNDLE_IDENTIFIER = "flatstack.CoreGraphics-PDPTests";
				PRODUCT_NAME = "$(TARGET_NAME)";
				TEST_HOST = "$(BUILT_PRODUCTS_DIR)/CoreGraphics_PDP.app/CoreGraphics_PDP";
			};
			name = Release;
		};
		4F0DE9CF1BBF13C1007DD712 /* Debug */ = {
			isa = XCBuildConfiguration;
			buildSettings = {
				INFOPLIST_FILE = CoreGraphics_PDPUITests/Info.plist;
				LD_RUNPATH_SEARCH_PATHS = "$(inherited) @executable_path/Frameworks @loader_path/Frameworks";
				PRODUCT_BUNDLE_IDENTIFIER = "flatstack.CoreGraphics-PDPUITests";
				PRODUCT_NAME = "$(TARGET_NAME)";
				TEST_TARGET_NAME = CoreGraphics_PDP;
				USES_XCTRUNNER = YES;
			};
			name = Debug;
		};
		4F0DE9D01BBF13C1007DD712 /* Release */ = {
			isa = XCBuildConfiguration;
			buildSettings = {
				INFOPLIST_FILE = CoreGraphics_PDPUITests/Info.plist;
				LD_RUNPATH_SEARCH_PATHS = "$(inherited) @executable_path/Frameworks @loader_path/Frameworks";
				PRODUCT_BUNDLE_IDENTIFIER = "flatstack.CoreGraphics-PDPUITests";
				PRODUCT_NAME = "$(TARGET_NAME)";
				TEST_TARGET_NAME = CoreGraphics_PDP;
				USES_XCTRUNNER = YES;
			};
			name = Release;
		};
/* End XCBuildConfiguration section */

/* Begin XCConfigurationList section */
		4F0DE99B1BBF13C1007DD712 /* Build configuration list for PBXProject "CoreGraphics_PDP" */ = {
			isa = XCConfigurationList;
			buildConfigurations = (
				4F0DE9C61BBF13C1007DD712 /* Debug */,
				4F0DE9C71BBF13C1007DD712 /* Release */,
			);
			defaultConfigurationIsVisible = 0;
			defaultConfigurationName = Release;
		};
		4F0DE9C81BBF13C1007DD712 /* Build configuration list for PBXNativeTarget "CoreGraphics_PDP" */ = {
			isa = XCConfigurationList;
			buildConfigurations = (
				4F0DE9C91BBF13C1007DD712 /* Debug */,
				4F0DE9CA1BBF13C1007DD712 /* Release */,
			);
			defaultConfigurationIsVisible = 0;
		};
		4F0DE9CB1BBF13C1007DD712 /* Build configuration list for PBXNativeTarget "CoreGraphics_PDPTests" */ = {
			isa = XCConfigurationList;
			buildConfigurations = (
				4F0DE9CC1BBF13C1007DD712 /* Debug */,
				4F0DE9CD1BBF13C1007DD712 /* Release */,
			);
			defaultConfigurationIsVisible = 0;
		};
		4F0DE9CE1BBF13C1007DD712 /* Build configuration list for PBXNativeTarget "CoreGraphics_PDPUITests" */ = {
			isa = XCConfigurationList;
			buildConfigurations = (
				4F0DE9CF1BBF13C1007DD712 /* Debug */,
				4F0DE9D01BBF13C1007DD712 /* Release */,
			);
			defaultConfigurationIsVisible = 0;
		};
/* End XCConfigurationList section */
	};
	rootObject = 4F0DE9981BBF13C1007DD712 /* Project object */;
}
